{
  "name": "node_clip_processing",
  "version": "1.0.0",
  "lockfileVersion": 1,
  "requires": true,
  "dependencies": {
    "inline-worker": {
      "version": "1.1.0",
      "resolved": "https://registry.npmjs.org/inline-worker/-/inline-worker-1.1.0.tgz",
      "integrity": "sha1-VelvVJFaZCsAhyotqm/oMrQkyY0="
    },
    "simplify-js": {
      "version": "1.2.4",
      "resolved": "https://registry.npmjs.org/simplify-js/-/simplify-js-1.2.4.tgz",
      "integrity": "sha512-vITfSlwt7h/oyrU42R83mtzFpwYk3+mkH9bOHqq/Qw6n8rtR7aE3NZQ5fbcyCUVVmuMJR6ynsAhOfK2qoah8Jg=="
    },
    "svg-catmull-rom-spline": {
      "version": "0.0.1",
      "resolved": "https://registry.npmjs.org/svg-catmull-rom-spline/-/svg-catmull-rom-spline-0.0.1.tgz",
      "integrity": "sha1-rjv3FNsZrQp2V9dgVsPaixhWz9g=",
      "requires": {
        "simplify-js": "^1.2.1"
      }
    },
    "waveform-data": {
      "version": "4.1.1",
      "resolved": "https://registry.npmjs.org/waveform-data/-/waveform-data-4.1.1.tgz",
      "integrity": "sha512-OAKQPY0j4e/cn7jv/zHFw8bzL4i93MCGlyfc42LDQxeT6pnvzxynzbNm5TCopPViKAan5zs1/8WrAsC4VxJjlg==",
      "requires": {
        "inline-worker": "~1.1.0"
      }
    }
  }
}
